
Microsoft Visual Studio Solution File, Format Version 12.00
# Visual Studio Version 17
VisualStudioVersion = 17.0.32112.339
MinimumVisualStudioVersion = 10.0.40219.1
Project("{FAE04EC0-301F-11D3-BF4B-00C04F79EFBC}") = "Exxon Sensor File Generator", "Exxon Sensor File Generator.csproj", "{CCDE2356-0EC5-4B17-A9D0-4BC1092BA655}"
EndProject
Global
	GlobalSection(SolutionConfigurationPlatforms) = preSolution
		Debug|Any CPU = Debug|Any CPU
		Release|Any CPU = Release|Any CPU
	EndGlobalSection
	GlobalSection(ProjectConfigurationPlatforms) = postSolution
		{CCDE2356-0EC5-4B17-A9D0-4BC1092BA655}.Debug|Any CPU.ActiveCfg = Debug|Any CPU
		{CCDE2356-0EC5-4B17-A9D0-4BC1092BA655}.Debug|Any CPU.Build.0 = Debug|Any CPU
		{CCDE2356-0EC5-4B17-A9D0-4BC1092BA655}.Release|Any CPU.ActiveCfg = Release|Any CPU
		{CCDE2356-0EC5-4B17-A9D0-4BC1092BA655}.Release|Any CPU.Build.0 = Release|Any CPU
	EndGlobalSection
	GlobalSection(SolutionProperties) = preSolution
		HideSolutionNode = FALSE
	EndGlobalSection
	GlobalSection(ExtensibilityGlobals) = postSolution
		SolutionGuid = {B511BAF3-74F1-4945-8DFD-3F4C0555EFAE}
	EndGlobalSection
EndGlobal
